
Microsoft Visual Studio Solution File, Format Version 12.00
# Visual Studio Version 16
VisualStudioVersion = 16.0.30204.135
MinimumVisualStudioVersion = 10.0.40219.1
Project("{FAE04EC0-301F-11D3-BF4B-00C04F79EFBC}") = "MVCSessionAssign01", "MVCSessionAssign01.csproj", "{B7AB4EC6-DAE5-431D-9027-B8F382263E0D}"
EndProject
Global
	GlobalSection(SolutionConfigurationPlatforms) = preSolution
		Debug|Any CPU = Debug|Any CPU
		Release|Any CPU = Release|Any CPU
	EndGlobalSection
	GlobalSection(ProjectConfigurationPlatforms) = postSolution
		{B7AB4EC6-DAE5-431D-9027-B8F382263E0D}.Debug|Any CPU.ActiveCfg = Debug|Any CPU
		{B7AB4EC6-DAE5-431D-9027-B8F382263E0D}.Debug|Any CPU.Build.0 = Debug|Any CPU
		{B7AB4EC6-DAE5-431D-9027-B8F382263E0D}.Release|Any CPU.ActiveCfg = Release|Any CPU
		{B7AB4EC6-DAE5-431D-9027-B8F382263E0D}.Release|Any CPU.Build.0 = Release|Any CPU
	EndGlobalSection
	GlobalSection(SolutionProperties) = preSolution
		HideSolutionNode = FALSE
	EndGlobalSection
	GlobalSection(ExtensibilityGlobals) = postSolution
		SolutionGuid = {7D343059-B0C8-472A-936E-0DA1A47138C8}
	EndGlobalSection
EndGlobal
